
Microsoft Visual Studio Solution File, Format Version 12.00
# Visual Studio Version 16
VisualStudioVersion = 16.0.29509.3
MinimumVisualStudioVersion = 10.0.40219.1
Project("{FAE04EC0-301F-11D3-BF4B-00C04F79EFBC}") = "GoalsMover", "GoalsMoverServer\GoalsMover.csproj", "{659758CF-4ABB-4AEF-A993-2E276F3506DA}"
EndProject
Project("{FAE04EC0-301F-11D3-BF4B-00C04F79EFBC}") = "GoalsMover.DTO", "GoalsMover.DTO\GoalsMover.DTO.csproj", "{0C63ED35-C248-4E4B-B3A5-BDCA6E6B97A8}"
EndProject
Project("{FAE04EC0-301F-11D3-BF4B-00C04F79EFBC}") = "GoalsMover.BLL", "GoalsMover.BLL\GoalsMover.BLL.csproj", "{2478105D-0886-4C22-BCCD-FC666C87BBDB}"
EndProject
Project("{FAE04EC0-301F-11D3-BF4B-00C04F79EFBC}") = "GoalsMover.DAL", "GoalsMover.DAL\GoalsMover.DAL.csproj", "{49A69C09-E9FC-413F-8442-679FAC668BAE}"
EndProject
Global
	GlobalSection(SolutionConfigurationPlatforms) = preSolution
		Debug|Any CPU = Debug|Any CPU
		Release|Any CPU = Release|Any CPU
	EndGlobalSection
	GlobalSection(ProjectConfigurationPlatforms) = postSolution
		{659758CF-4ABB-4AEF-A993-2E276F3506DA}.Debug|Any CPU.ActiveCfg = Debug|Any CPU
		{659758CF-4ABB-4AEF-A993-2E276F3506DA}.Debug|Any CPU.Build.0 = Debug|Any CPU
		{659758CF-4ABB-4AEF-A993-2E276F3506DA}.Release|Any CPU.ActiveCfg = Release|Any CPU
		{659758CF-4ABB-4AEF-A993-2E276F3506DA}.Release|Any CPU.Build.0 = Release|Any CPU
		{0C63ED35-C248-4E4B-B3A5-BDCA6E6B97A8}.Debug|Any CPU.ActiveCfg = Debug|Any CPU
		{0C63ED35-C248-4E4B-B3A5-BDCA6E6B97A8}.Debug|Any CPU.Build.0 = Debug|Any CPU
		{0C63ED35-C248-4E4B-B3A5-BDCA6E6B97A8}.Release|Any CPU.ActiveCfg = Release|Any CPU
		{0C63ED35-C248-4E4B-B3A5-BDCA6E6B97A8}.Release|Any CPU.Build.0 = Release|Any CPU
		{2478105D-0886-4C22-BCCD-FC666C87BBDB}.Debug|Any CPU.ActiveCfg = Debug|Any CPU
		{2478105D-0886-4C22-BCCD-FC666C87BBDB}.Debug|Any CPU.Build.0 = Debug|Any CPU
		{2478105D-0886-4C22-BCCD-FC666C87BBDB}.Release|Any CPU.ActiveCfg = Release|Any CPU
		{2478105D-0886-4C22-BCCD-FC666C87BBDB}.Release|Any CPU.Build.0 = Release|Any CPU
		{49A69C09-E9FC-413F-8442-679FAC668BAE}.Debug|Any CPU.ActiveCfg = Debug|Any CPU
		{49A69C09-E9FC-413F-8442-679FAC668BAE}.Debug|Any CPU.Build.0 = Debug|Any CPU
		{49A69C09-E9FC-413F-8442-679FAC668BAE}.Release|Any CPU.ActiveCfg = Release|Any CPU
		{49A69C09-E9FC-413F-8442-679FAC668BAE}.Release|Any CPU.Build.0 = Release|Any CPU
	EndGlobalSection
	GlobalSection(SolutionProperties) = preSolution
		HideSolutionNode = FALSE
	EndGlobalSection
	GlobalSection(ExtensibilityGlobals) = postSolution
		SolutionGuid = {82671808-5842-4B97-BF05-EDCB353DF829}
	EndGlobalSection
EndGlobal
